
Microsoft Visual Studio Solution File, Format Version 12.00
# Visual Studio 15
VisualStudioVersion = 15.0.28010.2046
MinimumVisualStudioVersion = 10.0.40219.1
Project("{9A19103F-16F7-4668-BE54-9A1E7A4F7556}") = "InvestFunctionApp", "InvestFunctionApp\InvestFunctionApp.csproj", "{E52DF14E-E3AC-4F01-84FD-54717343AC3A}"
EndProject
Project("{9A19103F-16F7-4668-BE54-9A1E7A4F7556}") = "InvestFunctionApp.Tests", "InvestFunctionApp.Tests\InvestFunctionApp.Tests.csproj", "{E7BC2DA5-A1DF-4FAA-BDBC-0E9B6BAF917A}"
EndProject
Project("{9A19103F-16F7-4668-BE54-9A1E7A4F7556}") = "InvestFunctionApp.EndToEndTests", "InvestFunctionApp.EndToEndTests\InvestFunctionApp.EndToEndTests.csproj", "{F351A495-E062-479E-B5B3-CAD0A9843E96}"
EndProject
Global
	GlobalSection(SolutionConfigurationPlatforms) = preSolution
		Debug|Any CPU = Debug|Any CPU
		Release|Any CPU = Release|Any CPU
	EndGlobalSection
	GlobalSection(ProjectConfigurationPlatforms) = postSolution
		{E52DF14E-E3AC-4F01-84FD-54717343AC3A}.Debug|Any CPU.ActiveCfg = Debug|Any CPU
		{E52DF14E-E3AC-4F01-84FD-54717343AC3A}.Debug|Any CPU.Build.0 = Debug|Any CPU
		{E52DF14E-E3AC-4F01-84FD-54717343AC3A}.Release|Any CPU.ActiveCfg = Release|Any CPU
		{E52DF14E-E3AC-4F01-84FD-54717343AC3A}.Release|Any CPU.Build.0 = Release|Any CPU
		{E7BC2DA5-A1DF-4FAA-BDBC-0E9B6BAF917A}.Debug|Any CPU.ActiveCfg = Debug|Any CPU
		{E7BC2DA5-A1DF-4FAA-BDBC-0E9B6BAF917A}.Debug|Any CPU.Build.0 = Debug|Any CPU
		{E7BC2DA5-A1DF-4FAA-BDBC-0E9B6BAF917A}.Release|Any CPU.ActiveCfg = Release|Any CPU
		{E7BC2DA5-A1DF-4FAA-BDBC-0E9B6BAF917A}.Release|Any CPU.Build.0 = Release|Any CPU
		{F351A495-E062-479E-B5B3-CAD0A9843E96}.Debug|Any CPU.ActiveCfg = Debug|Any CPU
		{F351A495-E062-479E-B5B3-CAD0A9843E96}.Debug|Any CPU.Build.0 = Debug|Any CPU
		{F351A495-E062-479E-B5B3-CAD0A9843E96}.Release|Any CPU.ActiveCfg = Release|Any CPU
		{F351A495-E062-479E-B5B3-CAD0A9843E96}.Release|Any CPU.Build.0 = Release|Any CPU
	EndGlobalSection
	GlobalSection(SolutionProperties) = preSolution
		HideSolutionNode = FALSE
	EndGlobalSection
	GlobalSection(ExtensibilityGlobals) = postSolution
		SolutionGuid = {ED3129D6-5FAC-4561-9AB3-FC86D6EEC4F1}
	EndGlobalSection
EndGlobal
